<?xml version="1.0" encoding="UTF-8" standalone="yes" ?>
<CodeBlocks_project_file>
	<FileVersion major="1" minor="6" />
	<Project>
		<Option title="CarresCouleur_2" />
		<Option pch_mode="2" />
		<Option compiler="gcc" />
		<Build>
			<Target title="Debug">
				<Option output="bin/Debug/SpaceInvaderGame" prefix_auto="1" extension_auto="1" />
				<Option object_output="obj/Debug/" />
				<Option type="1" />
				<Option compiler="gcc" />
				<Compiler>
					<Add option="-g" />
					<Add directory="C:/Programmation/SFML/SFML-2.2/include" />
				</Compiler>
				<Linker>
					<Add library="sfml-graphics-d" />
					<Add library="sfml-window-d" />
					<Add library="sfml-system-d" />
					<Add library="sfml-main-d" />
					<Add directory="C:/Programmation/SFML/SFML_build_d/lib" />
				</Linker>
			</Target>
			<Target title="Release">
				<Option output="bin/Release/SpaceInvaderGame" prefix_auto="1" extension_auto="1" />
				<Option object_output="obj/Release/" />
				<Option type="1" />
				<Option compiler="gcc" />
				<Compiler>
					<Add option="-O2" />
					<Add option="-DSFML_STATIC" />
					<Add directory="C:/Programmation/SFML/SFML-2.2/include" />
				</Compiler>
				<Linker>
					<Add option="-s" />
					<Add library="sfml-graphics" />
					<Add library="sfml-window" />
					<Add library="sfml-system" />
					<Add library="sfml-main" />
					<Add directory="C:/Programmation/SFML/SFML_build/lib" />
				</Linker>
			</Target>
		</Build>
		<Compiler>
			<Add option="-Wall" />
			<Add directory="J:/Projets/Programmation/Bibliotheque/UsingSmartPointers" />
			<Add directory="F:/Projets/Programmation/Bibliotheque/UsingSmartPointers" />
		</Compiler>
		<Unit filename="ClassesProjet/BossClass.cpp" />
		<Unit filename="ClassesProjet/BossClass.hpp" />
		<Unit filename="ClassesProjet/CarreCouleur.cpp" />
		<Unit filename="ClassesProjet/CarreCouleur.hpp" />
		<Unit filename="ClassesProjet/DefaultMenuButton.cpp" />
		<Unit filename="ClassesProjet/DefaultMenuButton.hpp" />
		<Unit filename="ClassesProjet/GameEndCredits.cpp" />
		<Unit filename="ClassesProjet/GameEndCredits.hpp" />
		<Unit filename="ClassesProjet/LevelBase.cpp" />
		<Unit filename="ClassesProjet/LevelBase.hpp" />
		<Unit filename="ClassesProjet/Level_1.cpp" />
		<Unit filename="ClassesProjet/Level_1.hpp" />
		<Unit filename="ClassesProjet/Level_2.cpp" />
		<Unit filename="ClassesProjet/Level_2.hpp" />
		<Unit filename="ClassesProjet/Level_3.cpp" />
		<Unit filename="ClassesProjet/Level_3.hpp" />
		<Unit filename="ClassesProjet/Level_4.cpp" />
		<Unit filename="ClassesProjet/Level_4.hpp" />
		<Unit filename="ClassesProjet/Level_HUD.cpp" />
		<Unit filename="ClassesProjet/Level_HUD.hpp" />
		<Unit filename="ClassesProjet/MainMenu.cpp" />
		<Unit filename="ClassesProjet/MainMenu.hpp" />
		<Unit filename="ClassesProjet/PauseMenu.cpp" />
		<Unit filename="ClassesProjet/PauseMenu.hpp" />
		<Unit filename="ClassesProjet/TitleScreen.cpp" />
		<Unit filename="ClassesProjet/TitleScreen.hpp" />
		<Unit filename="Moteur2D/Entries/EventsMap.cpp" />
		<Unit filename="Moteur2D/Entries/EventsMap.hpp" />
		<Unit filename="Moteur2D/Entries/InputsAbstraction.cpp" />
		<Unit filename="Moteur2D/Entries/InputsAbstraction.hpp" />
		<Unit filename="Moteur2D/Entries/InputsArray.cpp" />
		<Unit filename="Moteur2D/Entries/InputsArray.hpp" />
		<Unit filename="Moteur2D/GameController.cpp" />
		<Unit filename="Moteur2D/GameController.hpp" />
		<Unit filename="Moteur2D/Game/PlacedVart.hpp" />
		<Unit filename="Moteur2D/Game/SimpleHitbox.cpp" />
		<Unit filename="Moteur2D/Game/SimpleHitbox.hpp" />
		<Unit filename="Moteur2D/Game/SimpleVart.cpp" />
		<Unit filename="Moteur2D/Game/SimpleVart.hpp" />
		<Unit filename="Moteur2D/Game/VartAbs.hpp" />
		<Unit filename="Moteur2D/Game/VartList.hpp" />
		<Unit filename="Moteur2D/Graphic/AnimatedSprite.cpp" />
		<Unit filename="Moteur2D/Graphic/AnimatedSprite.hpp" />
		<Unit filename="Moteur2D/Graphic/DrawableObject.hpp" />
		<Unit filename="Moteur2D/Graphic/DrawerAbstraction.hpp" />
		<Unit filename="Moteur2D/Graphic/ObjectDrawer.cpp" />
		<Unit filename="Moteur2D/Graphic/ObjectDrawer.hpp" />
		<Unit filename="Moteur2D/Graphic/SimpleSprite.cpp" />
		<Unit filename="Moteur2D/Graphic/SimpleSprite.hpp" />
		<Unit filename="Moteur2D/Interfaces/AbstractHUD.hpp" />
		<Unit filename="Moteur2D/Interfaces/BasicArcadeLevel.cpp" />
		<Unit filename="Moteur2D/Interfaces/BasicArcadeLevel.hpp" />
		<Unit filename="Moteur2D/Interfaces/BasicEndCreditsScreen.cpp" />
		<Unit filename="Moteur2D/Interfaces/BasicEndCreditsScreen.hpp" />
		<Unit filename="Moteur2D/Interfaces/EndCreditsScreen.cpp" />
		<Unit filename="Moteur2D/Interfaces/EndCreditsScreen.hpp" />
		<Unit filename="Moteur2D/Interfaces/GameInterfaceAbstraction.cpp" />
		<Unit filename="Moteur2D/Interfaces/GameInterfaceAbstraction.hpp" />
		<Unit filename="Moteur2D/Interfaces/Items/AbstractItem.cpp" />
		<Unit filename="Moteur2D/Interfaces/Items/AbstractItem.hpp" />
		<Unit filename="Moteur2D/Interfaces/Items/AbstractItemGrid.cpp" />
		<Unit filename="Moteur2D/Interfaces/Items/AbstractItemGrid.hpp" />
		<Unit filename="Moteur2D/Interfaces/Items/AbstractItemLine.cpp" />
		<Unit filename="Moteur2D/Interfaces/Items/AbstractItemLine.hpp" />
		<Unit filename="Moteur2D/Interfaces/Items/Counter.cpp" />
		<Unit filename="Moteur2D/Interfaces/Items/Counter.hpp" />
		<Unit filename="Moteur2D/Interfaces/Items/ItemBox.cpp" />
		<Unit filename="Moteur2D/Interfaces/Items/ItemBox.hpp" />
		<Unit filename="Moteur2D/Interfaces/Items/ItemGrid.cpp" />
		<Unit filename="Moteur2D/Interfaces/Items/ItemGrid.hpp" />
		<Unit filename="Moteur2D/Interfaces/Items/ItemLine.cpp" />
		<Unit filename="Moteur2D/Interfaces/Items/ItemLine.hpp" />
		<Unit filename="Moteur2D/Interfaces/Items/ItemStack.cpp" />
		<Unit filename="Moteur2D/Interfaces/Items/ItemStack.hpp" />
		<Unit filename="Moteur2D/Interfaces/Items/Label.cpp" />
		<Unit filename="Moteur2D/Interfaces/Items/Label.hpp" />
		<Unit filename="Moteur2D/Interfaces/Items/LifeCounter.cpp" />
		<Unit filename="Moteur2D/Interfaces/Items/LifeCounter.hpp" />
		<Unit filename="Moteur2D/Interfaces/Items/Sprite.cpp" />
		<Unit filename="Moteur2D/Interfaces/Items/Sprite.hpp" />
		<Unit filename="Moteur2D/Interfaces/Items/Text.cpp" />
		<Unit filename="Moteur2D/Interfaces/Items/Text.hpp" />
		<Unit filename="Moteur2D/Interfaces/Items/TextObjectAbstraction.cpp" />
		<Unit filename="Moteur2D/Interfaces/Items/TextObjectAbstraction.hpp" />
		<Unit filename="Moteur2D/Interfaces/Items/VariableItem.cpp" />
		<Unit filename="Moteur2D/Interfaces/Items/VariableItem.hpp" />
		<Unit filename="Moteur2D/Interfaces/Level.cpp" />
		<Unit filename="Moteur2D/Interfaces/Level.hpp" />
		<Unit filename="Moteur2D/Interfaces/Menus/Buttons/ButtonAbstraction.cpp" />
		<Unit filename="Moteur2D/Interfaces/Menus/Buttons/ButtonAbstraction.hpp" />
		<Unit filename="Moteur2D/Interfaces/Menus/Buttons/PushButton.cpp" />
		<Unit filename="Moteur2D/Interfaces/Menus/Buttons/PushButton.hpp" />
		<Unit filename="Moteur2D/Interfaces/Menus/Buttons/TextBoxPushButton.cpp" />
		<Unit filename="Moteur2D/Interfaces/Menus/Buttons/TextBoxPushButton.hpp" />
		<Unit filename="Moteur2D/Interfaces/Menus/MenuAbstraction.cpp" />
		<Unit filename="Moteur2D/Interfaces/Menus/MenuAbstraction.hpp" />
		<Unit filename="Moteur2D/Interfaces/Menus/MenuInterface.cpp" />
		<Unit filename="Moteur2D/Interfaces/Menus/MenuInterface.hpp" />
		<Unit filename="Moteur2D/Interfaces/Menus/MenuInterfaceAbstraction.cpp" />
		<Unit filename="Moteur2D/Interfaces/Menus/MenuInterfaceAbstraction.hpp" />
		<Unit filename="Moteur2D/Interfaces/Menus/PushButton.hpp" />
		<Unit filename="Moteur2D/Interfaces/Menus/SimpleButton.cpp" />
		<Unit filename="Moteur2D/Interfaces/Menus/SimpleButton.hpp" />
		<Unit filename="Moteur2D/Interfaces/Menus/SimpleButtonList.cpp" />
		<Unit filename="Moteur2D/Interfaces/Menus/SimpleButtonList.hpp" />
		<Unit filename="Moteur2D/Interfaces/Menus/TextBox.cpp" />
		<Unit filename="Moteur2D/Interfaces/Menus/TextBox.hpp" />
		<Unit filename="Moteur2D/Interfaces/PressAnyKeyMenu.cpp" />
		<Unit filename="Moteur2D/Interfaces/PressAnyKeyMenu.hpp" />
		<Unit filename="Moteur2D/ResourceList.hpp" />
		<Unit filename="Moteur2D/StartEndBool.cpp" />
		<Unit filename="Moteur2D/StartEndBool.hpp" />
		<Unit filename="Moteur2D/Timer.cpp" />
		<Unit filename="Moteur2D/Timer.hpp" />
		<Unit filename="Moteur2D/includes.hpp" />
		<Unit filename="main.cpp" />
		<Extensions>
			<code_completion />
			<envvars />
			<debugger />
			<lib_finder disable_auto="1" />
		</Extensions>
	</Project>
</CodeBlocks_project_file>
