<?xml version="1.0" encoding="UTF-8" standalone="yes" ?>
<CodeBlocks_project_file>
	<FileVersion major="1" minor="6" />
	<Project>
		<Option title="CarresCouleur_2" />
		<Option pch_mode="2" />
		<Option compiler="gcc" />
		<Build>
			<Target title="Debug">
				<Option output="bin/Debug/SpaceInvaderGame" prefix_auto="1" extension_auto="1" />
				<Option object_output="obj/Debug/" />
				<Option type="1" />
				<Option compiler="gcc" />
				<Compiler>
					<Add option="-g" />
					<Add directory="C:/Programmation/SFML/SFML-2.2/include" />
					<Add directory="J:/Projets/Programmation/Bibliotheque/UsingSmartPointers" />
				</Compiler>
				<Linker>
					<Add library="sfml-graphics-d" />
					<Add library="sfml-window-d" />
					<Add library="sfml-system-d" />
					<Add library="sfml-main-d" />
					<Add directory="C:/Programmation/SFML/SFML_build_d/lib" />
				</Linker>
			</Target>
			<Target title="Release">
				<Option output="bin/Release/SpaceInvaderGame" prefix_auto="1" extension_auto="1" />
				<Option object_output="obj/Release/" />
				<Option type="1" />
				<Option compiler="gcc" />
				<Compiler>
					<Add option="-O2" />
					<Add option="-DSFML_STATIC" />
					<Add directory="C:/Programmation/SFML/SFML-2.2/include" />
				</Compiler>
				<Linker>
					<Add option="-s" />
					<Add library="sfml-graphics" />
					<Add library="sfml-window" />
					<Add library="sfml-system" />
					<Add library="sfml-main" />
					<Add directory="C:/Programmation/SFML/SFML_build/lib" />
				</Linker>
			</Target>
		</Build>
		<Compiler>
			<Add option="-Wall" />
		</Compiler>
		<Unit filename="ClassesProjet/BossClass.cpp" />
		<Unit filename="ClassesProjet/BossClass.h" />
		<Unit filename="ClassesProjet/CarreCouleur.cpp" />
		<Unit filename="ClassesProjet/CarreCouleur.h" />
		<Unit filename="ClassesProjet/GameEndCredits.cpp" />
		<Unit filename="ClassesProjet/GameEndCredits.h" />
		<Unit filename="ClassesProjet/LevelBase.cpp" />
		<Unit filename="ClassesProjet/LevelBase.h" />
		<Unit filename="ClassesProjet/Level_1.cpp" />
		<Unit filename="ClassesProjet/Level_1.h" />
		<Unit filename="ClassesProjet/Level_2.cpp" />
		<Unit filename="ClassesProjet/Level_2.h" />
		<Unit filename="ClassesProjet/Level_3.cpp" />
		<Unit filename="ClassesProjet/Level_3.h" />
		<Unit filename="ClassesProjet/Level_4.cpp" />
		<Unit filename="ClassesProjet/Level_4.h" />
		<Unit filename="ClassesProjet/Level_HUD.cpp" />
		<Unit filename="ClassesProjet/Level_HUD.h" />
		<Unit filename="ClassesProjet/MainMenu.cpp" />
		<Unit filename="ClassesProjet/MainMenu.h" />
		<Unit filename="ClassesProjet/PauseMenu.cpp" />
		<Unit filename="ClassesProjet/PauseMenu.h" />
		<Unit filename="ClassesProjet/TitleScreen.cpp" />
		<Unit filename="ClassesProjet/TitleScreen.h" />
		<Unit filename="Moteur2D/Entries/AbstractInputsArray.cpp" />
		<Unit filename="Moteur2D/Entries/AbstractInputsArray.h" />
		<Unit filename="Moteur2D/Entries/InputsArray.cpp" />
		<Unit filename="Moteur2D/Entries/InputsArray.h" />
		<Unit filename="Moteur2D/GameController.cpp" />
		<Unit filename="Moteur2D/GameController.h" />
		<Unit filename="Moteur2D/Game/AbsVart.h" />
		<Unit filename="Moteur2D/Game/SimpleHitbox.cpp" />
		<Unit filename="Moteur2D/Game/SimpleHitbox.h" />
		<Unit filename="Moteur2D/Game/SimpleVart.cpp" />
		<Unit filename="Moteur2D/Game/SimpleVart.h" />
		<Unit filename="Moteur2D/Game/VartArray.h" />
		<Unit filename="Moteur2D/Graphic/AbstractDrawable.h" />
		<Unit filename="Moteur2D/Graphic/AbstractDrawer.h" />
		<Unit filename="Moteur2D/Graphic/AnimatedSprite.cpp" />
		<Unit filename="Moteur2D/Graphic/AnimatedSprite.h" />
		<Unit filename="Moteur2D/Graphic/ObjectDrawer.cpp" />
		<Unit filename="Moteur2D/Graphic/ObjectDrawer.h" />
		<Unit filename="Moteur2D/Graphic/SimpleSprite.cpp" />
		<Unit filename="Moteur2D/Graphic/SimpleSprite.h" />
		<Unit filename="Moteur2D/Interfaces/AbstractEndCreditsScreen.cpp" />
		<Unit filename="Moteur2D/Interfaces/AbstractEndCreditsScreen.h" />
		<Unit filename="Moteur2D/Interfaces/AbstractGameInterface.h" />
		<Unit filename="Moteur2D/Interfaces/AbstractHUD.h" />
		<Unit filename="Moteur2D/Interfaces/AbstractLevel.h" />
		<Unit filename="Moteur2D/Interfaces/BasicArcadeLevel.h" />
		<Unit filename="Moteur2D/Interfaces/Items/AbstractItem.cpp" />
		<Unit filename="Moteur2D/Interfaces/Items/AbstractItem.h" />
		<Unit filename="Moteur2D/Interfaces/Items/AbstractTextObject.cpp" />
		<Unit filename="Moteur2D/Interfaces/Items/AbstractTextObject.h" />
		<Unit filename="Moteur2D/Interfaces/Items/Counter.cpp" />
		<Unit filename="Moteur2D/Interfaces/Items/Counter.h" />
		<Unit filename="Moteur2D/Interfaces/Items/ItemBox.cpp" />
		<Unit filename="Moteur2D/Interfaces/Items/ItemBox.h" />
		<Unit filename="Moteur2D/Interfaces/Items/ItemGrid.cpp" />
		<Unit filename="Moteur2D/Interfaces/Items/ItemGrid.h" />
		<Unit filename="Moteur2D/Interfaces/Items/ItemStack.cpp" />
		<Unit filename="Moteur2D/Interfaces/Items/ItemStack.h" />
		<Unit filename="Moteur2D/Interfaces/Items/Label.cpp" />
		<Unit filename="Moteur2D/Interfaces/Items/Label.h" />
		<Unit filename="Moteur2D/Interfaces/Items/LifeCounter.cpp" />
		<Unit filename="Moteur2D/Interfaces/Items/LifeCounter.h" />
		<Unit filename="Moteur2D/Interfaces/Items/Sprite.cpp" />
		<Unit filename="Moteur2D/Interfaces/Items/Sprite.h" />
		<Unit filename="Moteur2D/Interfaces/Items/Text.cpp" />
		<Unit filename="Moteur2D/Interfaces/Items/Text.h" />
		<Unit filename="Moteur2D/Interfaces/Items/VariableItem.cpp" />
		<Unit filename="Moteur2D/Interfaces/Items/VariableItem.h" />
		<Unit filename="Moteur2D/Interfaces/Menus/AbstractButton.h" />
		<Unit filename="Moteur2D/Interfaces/Menus/AbstractMenu.cpp" />
		<Unit filename="Moteur2D/Interfaces/Menus/AbstractMenu.h" />
		<Unit filename="Moteur2D/Interfaces/Menus/AbstractMenuInterface.cpp" />
		<Unit filename="Moteur2D/Interfaces/Menus/AbstractMenuInterface.h" />
		<Unit filename="Moteur2D/Interfaces/Menus/SimpleButton.cpp" />
		<Unit filename="Moteur2D/Interfaces/Menus/SimpleButton.h" />
		<Unit filename="Moteur2D/Interfaces/Menus/TextBox.cpp" />
		<Unit filename="Moteur2D/Interfaces/Menus/TextBox.h" />
		<Unit filename="Moteur2D/Interfaces/MetaInterface.h" />
		<Unit filename="Moteur2D/Interfaces/PressAnyKeyMenu.h" />
		<Unit filename="Moteur2D/Interfaces/SimpleEndCreditsScreen.cpp" />
		<Unit filename="Moteur2D/Interfaces/SimpleEndCreditsScreen.h" />
		<Unit filename="Moteur2D/ResourceList.h" />
		<Unit filename="Moteur2D/StartEndBool.cpp" />
		<Unit filename="Moteur2D/StartEndBool.h" />
		<Unit filename="Moteur2D/Timer.cpp" />
		<Unit filename="Moteur2D/Timer.h" />
		<Unit filename="Moteur2D/includes.h" />
		<Unit filename="main.cpp" />
		<Extensions>
			<code_completion />
			<envvars />
			<debugger />
			<lib_finder disable_auto="1" />
		</Extensions>
	</Project>
</CodeBlocks_project_file>
